
Microsoft Visual Studio Solution File, Format Version 12.00
# Visual Studio Version 17
VisualStudioVersion = 17.2.32630.192
MinimumVisualStudioVersion = 10.0.40219.1
Project("{FAE04EC0-301F-11D3-BF4B-00C04F79EFBC}") = "InventDev", "InventDev\InventDev.csproj", "{96EAE816-3F41-48AD-981A-227AD923398F}"
EndProject
Global
	GlobalSection(SolutionConfigurationPlatforms) = preSolution
		Debug|Any CPU = Debug|Any CPU
		Release|Any CPU = Release|Any CPU
	EndGlobalSection
	GlobalSection(ProjectConfigurationPlatforms) = postSolution
		{96EAE816-3F41-48AD-981A-227AD923398F}.Debug|Any CPU.ActiveCfg = Debug|Any CPU
		{96EAE816-3F41-48AD-981A-227AD923398F}.Debug|Any CPU.Build.0 = Debug|Any CPU
		{96EAE816-3F41-48AD-981A-227AD923398F}.Release|Any CPU.ActiveCfg = Release|Any CPU
		{96EAE816-3F41-48AD-981A-227AD923398F}.Release|Any CPU.Build.0 = Release|Any CPU
	EndGlobalSection
	GlobalSection(SolutionProperties) = preSolution
		HideSolutionNode = FALSE
	EndGlobalSection
	GlobalSection(ExtensibilityGlobals) = postSolution
		SolutionGuid = {CF8654FD-3A1C-4B35-9191-7C8816B5EE0B}
	EndGlobalSection
EndGlobal
